# This file is generated by running "yarn install" inside your project.
# Manual changes might be lost - proceed with caution!

__metadata:
  version: 8
  cacheKey: 10c0

"@apt-repositories/generator@workspace:.":
  version: 0.0.0-use.local
  resolution: "@apt-repositories/generator@workspace:."
  dependencies:
    "@biomejs/biome": "npm:1.9.4"
    "@oliversalzburg/js-utils": "npm:0.3.0"
    "@types/chai": "npm:5.2.1"
    "@types/mocha": "npm:10.0.10"
    "@types/node": "npm:22.15.3"
    apt-parser: "npm:1.5.1"
    esbuild: "npm:0.25.3"
    outdent: "npm:0.8.0"
    typescript: "npm:5.8.3"
    undici: "npm:7.8.0"
    xz-decompress: "npm:0.2.2"
  bin:
    generate: output/main.js
  languageName: unknown
  linkType: soft

"@biomejs/biome@npm:1.9.4":
  version: 1.9.4
  resolution: "@biomejs/biome@npm:1.9.4"
  dependencies:
    "@biomejs/cli-darwin-arm64": "npm:1.9.4"
    "@biomejs/cli-darwin-x64": "npm:1.9.4"
    "@biomejs/cli-linux-arm64": "npm:1.9.4"
    "@biomejs/cli-linux-arm64-musl": "npm:1.9.4"
    "@biomejs/cli-linux-x64": "npm:1.9.4"
    "@biomejs/cli-linux-x64-musl": "npm:1.9.4"
    "@biomejs/cli-win32-arm64": "npm:1.9.4"
    "@biomejs/cli-win32-x64": "npm:1.9.4"
  dependenciesMeta:
    "@biomejs/cli-darwin-arm64":
      optional: true
    "@biomejs/cli-darwin-x64":
      optional: true
    "@biomejs/cli-linux-arm64":
      optional: true
    "@biomejs/cli-linux-arm64-musl":
      optional: true
    "@biomejs/cli-linux-x64":
      optional: true
    "@biomejs/cli-linux-x64-musl":
      optional: true
    "@biomejs/cli-win32-arm64":
      optional: true
    "@biomejs/cli-win32-x64":
      optional: true
  bin:
    biome: bin/biome
  checksum: 10c0/b5655c5aed9a6fffe24f7d04f15ba4444389d0e891c9ed9106fab7388ac9b4be63185852cc2a937b22940dac3e550b71032a4afd306925cfea436c33e5646b3e
  languageName: node
  linkType: hard

"@biomejs/cli-darwin-arm64@npm:1.9.4":
  version: 1.9.4
  resolution: "@biomejs/cli-darwin-arm64@npm:1.9.4"
  conditions: os=darwin & cpu=arm64
  languageName: node
  linkType: hard

"@biomejs/cli-darwin-x64@npm:1.9.4":
  version: 1.9.4
  resolution: "@biomejs/cli-darwin-x64@npm:1.9.4"
  conditions: os=darwin & cpu=x64
  languageName: node
  linkType: hard

"@biomejs/cli-linux-arm64-musl@npm:1.9.4":
  version: 1.9.4
  resolution: "@biomejs/cli-linux-arm64-musl@npm:1.9.4"
  conditions: os=linux & cpu=arm64 & libc=musl
  languageName: node
  linkType: hard

"@biomejs/cli-linux-arm64@npm:1.9.4":
  version: 1.9.4
  resolution: "@biomejs/cli-linux-arm64@npm:1.9.4"
  conditions: os=linux & cpu=arm64 & libc=glibc
  languageName: node
  linkType: hard

"@biomejs/cli-linux-x64-musl@npm:1.9.4":
  version: 1.9.4
  resolution: "@biomejs/cli-linux-x64-musl@npm:1.9.4"
  conditions: os=linux & cpu=x64 & libc=musl
  languageName: node
  linkType: hard

"@biomejs/cli-linux-x64@npm:1.9.4":
  version: 1.9.4
  resolution: "@biomejs/cli-linux-x64@npm:1.9.4"
  conditions: os=linux & cpu=x64 & libc=glibc
  languageName: node
  linkType: hard

"@biomejs/cli-win32-arm64@npm:1.9.4":
  version: 1.9.4
  resolution: "@biomejs/cli-win32-arm64@npm:1.9.4"
  conditions: os=win32 & cpu=arm64
  languageName: node
  linkType: hard

"@biomejs/cli-win32-x64@npm:1.9.4":
  version: 1.9.4
  resolution: "@biomejs/cli-win32-x64@npm:1.9.4"
  conditions: os=win32 & cpu=x64
  languageName: node
  linkType: hard

"@esbuild/aix-ppc64@npm:0.25.3":
  version: 0.25.3
  resolution: "@esbuild/aix-ppc64@npm:0.25.3"
  conditions: os=aix & cpu=ppc64
  languageName: node
  linkType: hard

"@esbuild/android-arm64@npm:0.25.3":
  version: 0.25.3
  resolution: "@esbuild/android-arm64@npm:0.25.3"
  conditions: os=android & cpu=arm64
  languageName: node
  linkType: hard

"@esbuild/android-arm@npm:0.25.3":
  version: 0.25.3
  resolution: "@esbuild/android-arm@npm:0.25.3"
  conditions: os=android & cpu=arm
  languageName: node
  linkType: hard

"@esbuild/android-x64@npm:0.25.3":
  version: 0.25.3
  resolution: "@esbuild/android-x64@npm:0.25.3"
  conditions: os=android & cpu=x64
  languageName: node
  linkType: hard

"@esbuild/darwin-arm64@npm:0.25.3":
  version: 0.25.3
  resolution: "@esbuild/darwin-arm64@npm:0.25.3"
  conditions: os=darwin & cpu=arm64
  languageName: node
  linkType: hard

"@esbuild/darwin-x64@npm:0.25.3":
  version: 0.25.3
  resolution: "@esbuild/darwin-x64@npm:0.25.3"
  conditions: os=darwin & cpu=x64
  languageName: node
  linkType: hard

"@esbuild/freebsd-arm64@npm:0.25.3":
  version: 0.25.3
  resolution: "@esbuild/freebsd-arm64@npm:0.25.3"
  conditions: os=freebsd & cpu=arm64
  languageName: node
  linkType: hard

"@esbuild/freebsd-x64@npm:0.25.3":
  version: 0.25.3
  resolution: "@esbuild/freebsd-x64@npm:0.25.3"
  conditions: os=freebsd & cpu=x64
  languageName: node
  linkType: hard

"@esbuild/linux-arm64@npm:0.25.3":
  version: 0.25.3
  resolution: "@esbuild/linux-arm64@npm:0.25.3"
  conditions: os=linux & cpu=arm64
  languageName: node
  linkType: hard

"@esbuild/linux-arm@npm:0.25.3":
  version: 0.25.3
  resolution: "@esbuild/linux-arm@npm:0.25.3"
  conditions: os=linux & cpu=arm
  languageName: node
  linkType: hard

"@esbuild/linux-ia32@npm:0.25.3":
  version: 0.25.3
  resolution: "@esbuild/linux-ia32@npm:0.25.3"
  conditions: os=linux & cpu=ia32
  languageName: node
  linkType: hard

"@esbuild/linux-loong64@npm:0.25.3":
  version: 0.25.3
  resolution: "@esbuild/linux-loong64@npm:0.25.3"
  conditions: os=linux & cpu=loong64
  languageName: node
  linkType: hard

"@esbuild/linux-mips64el@npm:0.25.3":
  version: 0.25.3
  resolution: "@esbuild/linux-mips64el@npm:0.25.3"
  conditions: os=linux & cpu=mips64el
  languageName: node
  linkType: hard

"@esbuild/linux-ppc64@npm:0.25.3":
  version: 0.25.3
  resolution: "@esbuild/linux-ppc64@npm:0.25.3"
  conditions: os=linux & cpu=ppc64
  languageName: node
  linkType: hard

"@esbuild/linux-riscv64@npm:0.25.3":
  version: 0.25.3
  resolution: "@esbuild/linux-riscv64@npm:0.25.3"
  conditions: os=linux & cpu=riscv64
  languageName: node
  linkType: hard

"@esbuild/linux-s390x@npm:0.25.3":
  version: 0.25.3
  resolution: "@esbuild/linux-s390x@npm:0.25.3"
  conditions: os=linux & cpu=s390x
  languageName: node
  linkType: hard

"@esbuild/linux-x64@npm:0.25.3":
  version: 0.25.3
  resolution: "@esbuild/linux-x64@npm:0.25.3"
  conditions: os=linux & cpu=x64
  languageName: node
  linkType: hard

"@esbuild/netbsd-arm64@npm:0.25.3":
  version: 0.25.3
  resolution: "@esbuild/netbsd-arm64@npm:0.25.3"
  conditions: os=netbsd & cpu=arm64
  languageName: node
  linkType: hard

"@esbuild/netbsd-x64@npm:0.25.3":
  version: 0.25.3
  resolution: "@esbuild/netbsd-x64@npm:0.25.3"
  conditions: os=netbsd & cpu=x64
  languageName: node
  linkType: hard

"@esbuild/openbsd-arm64@npm:0.25.3":
  version: 0.25.3
  resolution: "@esbuild/openbsd-arm64@npm:0.25.3"
  conditions: os=openbsd & cpu=arm64
  languageName: node
  linkType: hard

"@esbuild/openbsd-x64@npm:0.25.3":
  version: 0.25.3
  resolution: "@esbuild/openbsd-x64@npm:0.25.3"
  conditions: os=openbsd & cpu=x64
  languageName: node
  linkType: hard

"@esbuild/sunos-x64@npm:0.25.3":
  version: 0.25.3
  resolution: "@esbuild/sunos-x64@npm:0.25.3"
  conditions: os=sunos & cpu=x64
  languageName: node
  linkType: hard

"@esbuild/win32-arm64@npm:0.25.3":
  version: 0.25.3
  resolution: "@esbuild/win32-arm64@npm:0.25.3"
  conditions: os=win32 & cpu=arm64
  languageName: node
  linkType: hard

"@esbuild/win32-ia32@npm:0.25.3":
  version: 0.25.3
  resolution: "@esbuild/win32-ia32@npm:0.25.3"
  conditions: os=win32 & cpu=ia32
  languageName: node
  linkType: hard

"@esbuild/win32-x64@npm:0.25.3":
  version: 0.25.3
  resolution: "@esbuild/win32-x64@npm:0.25.3"
  conditions: os=win32 & cpu=x64
  languageName: node
  linkType: hard

"@oliversalzburg/js-utils@npm:0.3.0":
  version: 0.3.0
  resolution: "@oliversalzburg/js-utils@npm:0.3.0"
  checksum: 10c0/f15341f43af573e605c0e213fdc12ed10513657e19f469d6c106d02733eea8e89b3d177b1e4cf0b291175cc2072179b7e6e29d23168601a559eed18030ce68a3
  languageName: node
  linkType: hard

"@types/chai@npm:5.2.1":
  version: 5.2.1
  resolution: "@types/chai@npm:5.2.1"
  dependencies:
    "@types/deep-eql": "npm:*"
  checksum: 10c0/f8a03c9f8450b7ab8df11f658c4194be17a6316b870490d5ffaf5289a3c0c0591ed6291b2d6551e181887c3eed89d0490744b3e569d9b23cf611b05f93e775b6
  languageName: node
  linkType: hard

"@types/deep-eql@npm:*":
  version: 4.0.2
  resolution: "@types/deep-eql@npm:4.0.2"
  checksum: 10c0/bf3f811843117900d7084b9d0c852da9a044d12eb40e6de73b552598a6843c21291a8a381b0532644574beecd5e3491c5ff3a0365ab86b15d59862c025384844
  languageName: node
  linkType: hard

"@types/mocha@npm:10.0.10":
  version: 10.0.10
  resolution: "@types/mocha@npm:10.0.10"
  checksum: 10c0/d2b8c48138cde6923493e42b38e839695eb42edd04629abe480a8f34c0e3f50dd82a55832c2e8d2b6e6f9e4deb492d7d733e600fbbdd5a0ceccbcfc6844ff9d5
  languageName: node
  linkType: hard

"@types/node@npm:22.15.3":
  version: 22.15.3
  resolution: "@types/node@npm:22.15.3"
  dependencies:
    undici-types: "npm:~6.21.0"
  checksum: 10c0/2879f012d1aeba0bfdb5fed80d165f4f2cb3d1f2e1f98a24b18d4a211b4ace7d64bf2622784c78355982ffc1081ba79d0934efc2fb8353913e5871a63609661f
  languageName: node
  linkType: hard

"apt-parser@npm:1.5.1":
  version: 1.5.1
  resolution: "apt-parser@npm:1.5.1"
  checksum: 10c0/93e222e2c9204c469a2246e291733c22477c5d2246282ea56b70ae0d3feb63815d46a9153bf5287774dbec8a09178a1a6f9ec890ea41e5e6d40063ebf63a7960
  languageName: node
  linkType: hard

"esbuild@npm:0.25.3":
  version: 0.25.3
  resolution: "esbuild@npm:0.25.3"
  dependencies:
    "@esbuild/aix-ppc64": "npm:0.25.3"
    "@esbuild/android-arm": "npm:0.25.3"
    "@esbuild/android-arm64": "npm:0.25.3"
    "@esbuild/android-x64": "npm:0.25.3"
    "@esbuild/darwin-arm64": "npm:0.25.3"
    "@esbuild/darwin-x64": "npm:0.25.3"
    "@esbuild/freebsd-arm64": "npm:0.25.3"
    "@esbuild/freebsd-x64": "npm:0.25.3"
    "@esbuild/linux-arm": "npm:0.25.3"
    "@esbuild/linux-arm64": "npm:0.25.3"
    "@esbuild/linux-ia32": "npm:0.25.3"
    "@esbuild/linux-loong64": "npm:0.25.3"
    "@esbuild/linux-mips64el": "npm:0.25.3"
    "@esbuild/linux-ppc64": "npm:0.25.3"
    "@esbuild/linux-riscv64": "npm:0.25.3"
    "@esbuild/linux-s390x": "npm:0.25.3"
    "@esbuild/linux-x64": "npm:0.25.3"
    "@esbuild/netbsd-arm64": "npm:0.25.3"
    "@esbuild/netbsd-x64": "npm:0.25.3"
    "@esbuild/openbsd-arm64": "npm:0.25.3"
    "@esbuild/openbsd-x64": "npm:0.25.3"
    "@esbuild/sunos-x64": "npm:0.25.3"
    "@esbuild/win32-arm64": "npm:0.25.3"
    "@esbuild/win32-ia32": "npm:0.25.3"
    "@esbuild/win32-x64": "npm:0.25.3"
  dependenciesMeta:
    "@esbuild/aix-ppc64":
      optional: true
    "@esbuild/android-arm":
      optional: true
    "@esbuild/android-arm64":
      optional: true
    "@esbuild/android-x64":
      optional: true
    "@esbuild/darwin-arm64":
      optional: true
    "@esbuild/darwin-x64":
      optional: true
    "@esbuild/freebsd-arm64":
      optional: true
    "@esbuild/freebsd-x64":
      optional: true
    "@esbuild/linux-arm":
      optional: true
    "@esbuild/linux-arm64":
      optional: true
    "@esbuild/linux-ia32":
      optional: true
    "@esbuild/linux-loong64":
      optional: true
    "@esbuild/linux-mips64el":
      optional: true
    "@esbuild/linux-ppc64":
      optional: true
    "@esbuild/linux-riscv64":
      optional: true
    "@esbuild/linux-s390x":
      optional: true
    "@esbuild/linux-x64":
      optional: true
    "@esbuild/netbsd-arm64":
      optional: true
    "@esbuild/netbsd-x64":
      optional: true
    "@esbuild/openbsd-arm64":
      optional: true
    "@esbuild/openbsd-x64":
      optional: true
    "@esbuild/sunos-x64":
      optional: true
    "@esbuild/win32-arm64":
      optional: true
    "@esbuild/win32-ia32":
      optional: true
    "@esbuild/win32-x64":
      optional: true
  bin:
    esbuild: bin/esbuild
  checksum: 10c0/127aff654310ede4e2eb232a7b1d8823f5b5d69222caf17aa7f172574a5b6b75f71ce78c6d8a40030421d7c75b784dc640de0fb1b87b7ea77ab2a1c832fa8df8
  languageName: node
  linkType: hard

"outdent@npm:0.8.0":
  version: 0.8.0
  resolution: "outdent@npm:0.8.0"
  checksum: 10c0/d8a6c38b838b7ac23ebf1cc50442312f4efe286b211dbe5c71fa84d5daa2512fb94a8f2df1389313465acb0b4e5fa72270dd78f519f3d4db5bc22b2762c86827
  languageName: node
  linkType: hard

"typescript@npm:5.8.3":
  version: 5.8.3
  resolution: "typescript@npm:5.8.3"
  bin:
    tsc: bin/tsc
    tsserver: bin/tsserver
  checksum: 10c0/5f8bb01196e542e64d44db3d16ee0e4063ce4f3e3966df6005f2588e86d91c03e1fb131c2581baf0fb65ee79669eea6e161cd448178986587e9f6844446dbb48
  languageName: node
  linkType: hard

"typescript@patch:typescript@npm%3A5.8.3#optional!builtin<compat/typescript>":
  version: 5.8.3
  resolution: "typescript@patch:typescript@npm%3A5.8.3#optional!builtin<compat/typescript>::version=5.8.3&hash=5786d5"
  bin:
    tsc: bin/tsc
    tsserver: bin/tsserver
  checksum: 10c0/39117e346ff8ebd87ae1510b3a77d5d92dae5a89bde588c747d25da5c146603a99c8ee588c7ef80faaf123d89ed46f6dbd918d534d641083177d5fac38b8a1cb
  languageName: node
  linkType: hard

"undici-types@npm:~6.21.0":
  version: 6.21.0
  resolution: "undici-types@npm:6.21.0"
  checksum: 10c0/c01ed51829b10aa72fc3ce64b747f8e74ae9b60eafa19a7b46ef624403508a54c526ffab06a14a26b3120d055e1104d7abe7c9017e83ced038ea5cf52f8d5e04
  languageName: node
  linkType: hard

"undici@npm:7.8.0":
  version: 7.8.0
  resolution: "undici@npm:7.8.0"
  checksum: 10c0/7141f63ea405208a88120d211d83d77bf21327b16b451d3149fb266c28884fbcf78ec370ac2d3412a0e68ba6132ab85265ba85a2f4fde24cb47dc77f5c5a158c
  languageName: node
  linkType: hard

"xz-decompress@npm:0.2.2":
  version: 0.2.2
  resolution: "xz-decompress@npm:0.2.2"
  checksum: 10c0/60455ef356953967cf94051005f6ec0e63613a43db50ff4482e2d3172325a14cf9432877a978785bf415e9ec8120d4428004ccdcee9c1c9f468e2ec4d04a569a
  languageName: node
  linkType: hard
